// !$*UTF8*$!
{
	archiveVersion = 1;
	classes = {
	};
	objectVersion = 50;
	objects = {

/* Begin PBXBuildFile section */
		8807810924C1034600B8F62F /* AppDelegate.swift in Sources */ = {isa = PBXBuildFile; fileRef = 8807810824C1034600B8F62F /* AppDelegate.swift */; };
		8807810B24C1034600B8F62F /* SceneDelegate.swift in Sources */ = {isa = PBXBuildFile; fileRef = 8807810A24C1034600B8F62F /* SceneDelegate.swift */; };
		8807810D24C1034600B8F62F /* ContentView.swift in Sources */ = {isa = PBXBuildFile; fileRef = 8807810C24C1034600B8F62F /* ContentView.swift */; };
		8807810F24C1034900B8F62F /* Assets.xcassets in Resources */ = {isa = PBXBuildFile; fileRef = 8807810E24C1034900B8F62F /* Assets.xcassets */; };
		8807811224C1034900B8F62F /* Preview Assets.xcassets in Resources */ = {isa = PBXBuildFile; fileRef = 8807811124C1034900B8F62F /* Preview Assets.xcassets */; };
		8807811524C1034900B8F62F /* LaunchScreen.storyboard in Resources */ = {isa = PBXBuildFile; fileRef = 8807811324C1034900B8F62F /* LaunchScreen.storyboard */; };
		8872EB9824C23694000CF1FC /* AboutView.swift in Sources */ = {isa = PBXBuildFile; fileRef = 8872EB9724C23694000CF1FC /* AboutView.swift */; };
/* End PBXBuildFile section */

/* Begin PBXFileReference section */
		8807810524C1034600B8F62F /* Bull's Eye.app */ = {isa = PBXFileReference; explicitFileType = wrapper.application; includeInIndex = 0; path = "Bull's Eye.app"; sourceTree = BUILT_PRODUCTS_DIR; };
		8807810824C1034600B8F62F /* AppDelegate.swift */ = {isa = PBXFileReference; lastKnownFileType = sourcecode.swift; path = AppDelegate.swift; sourceTree = "<group>"; };
		8807810A24C1034600B8F62F /* SceneDelegate.swift */ = {isa = PBXFileReference; lastKnownFileType = sourcecode.swift; path = SceneDelegate.swift; sourceTree = "<group>"; };
		8807810C24C1034600B8F62F /* ContentView.swift */ = {isa = PBXFileReference; lastKnownFileType = sourcecode.swift; path = ContentView.swift; sourceTree = "<group>"; };
		8807810E24C1034900B8F62F /* Assets.xcassets */ = {isa = PBXFileReference; lastKnownFileType = folder.assetcatalog; path = Assets.xcassets; sourceTree = "<group>"; };
		8807811124C1034900B8F62F /* Preview Assets.xcassets */ = {isa = PBXFileReference; lastKnownFileType = folder.assetcatalog; path = "Preview Assets.xcassets"; sourceTree = "<group>"; };
		8807811424C1034900B8F62F /* Base */ = {isa = PBXFileReference; lastKnownFileType = file.storyboard; name = Base; path = Base.lproj/LaunchScreen.storyboard; sourceTree = "<group>"; };
		8807811624C1034900B8F62F /* Info.plist */ = {isa = PBXFileReference; lastKnownFileType = text.plist.xml; path = Info.plist; sourceTree = "<group>"; };
		8872EB9724C23694000CF1FC /* AboutView.swift */ = {isa = PBXFileReference; lastKnownFileType = sourcecode.swift; path = AboutView.swift; sourceTree = "<group>"; };
/* End PBXFileReference section */

/* Begin PBXFrameworksBuildPhase section */
		8807810224C1034600B8F62F /* Frameworks */ = {
			isa = PBXFrameworksBuildPhase;
			buildActionMask = 2147483647;
			files = (
			);
			runOnlyForDeploymentPostprocessing = 0;
		};
/* End PBXFrameworksBuildPhase section */

/* Begin PBXGroup section */
		880780FC24C1034600B8F62F = {
			isa = PBXGroup;
			children = (
				8807810724C1034600B8F62F /* bulls-eye-game */,
				8807810624C1034600B8F62F /* Products */,
			);
			sourceTree = "<group>";
		};
		8807810624C1034600B8F62F /* Products */ = {
			isa = PBXGroup;
			children = (
				8807810524C1034600B8F62F /* Bull's Eye.app */,
			);
			name = Products;
			sourceTree = "<group>";
		};
		8807810724C1034600B8F62F /* bulls-eye-game */ = {
			isa = PBXGroup;
			children = (
				8807810824C1034600B8F62F /* AppDelegate.swift */,
				8807810A24C1034600B8F62F /* SceneDelegate.swift */,
				8807810C24C1034600B8F62F /* ContentView.swift */,
				8872EB9724C23694000CF1FC /* AboutView.swift */,
				8807810E24C1034900B8F62F /* Assets.xcassets */,
				8807811324C1034900B8F62F /* LaunchScreen.storyboard */,
				8807811624C1034900B8F62F /* Info.plist */,
				8807811024C1034900B8F62F /* Preview Content */,
			);
			path = "bulls-eye-game";
			sourceTree = "<group>";
		};
		8807811024C1034900B8F62F /* Preview Content */ = {
			isa = PBXGroup;
			children = (
				8807811124C1034900B8F62F /* Preview Assets.xcassets */,
			);
			path = "Preview Content";
			sourceTree = "<group>";
		};
/* End PBXGroup section */

/* Begin PBXNativeTarget section */
		8807810424C1034600B8F62F /* bulls-eye-game */ = {
			isa = PBXNativeTarget;
			buildConfigurationList = 8807811924C1034900B8F62F /* Build configuration list for PBXNativeTarget "bulls-eye-game" */;
			buildPhases = (
				8807810124C1034600B8F62F /* Sources */,
				8807810224C1034600B8F62F /* Frameworks */,
				8807810324C1034600B8F62F /* Resources */,
			);
			buildRules = (
			);
			dependencies = (
			);
			name = "bulls-eye-game";
			productName = "bulls-eye-game";
			productReference = 8807810524C1034600B8F62F /* Bull's Eye.app */;
			productType = "com.apple.product-type.application";
		};
/* End PBXNativeTarget section */

/* Begin PBXProject section */
		880780FD24C1034600B8F62F /* Project object */ = {
			isa = PBXProject;
			attributes = {
				LastSwiftUpdateCheck = 1160;
				LastUpgradeCheck = 1160;
				ORGANIZATIONNAME = "Iqrah Nadeem";
				TargetAttributes = {
					8807810424C1034600B8F62F = {
						CreatedOnToolsVersion = 11.6;
					};
				};
			};
			buildConfigurationList = 8807810024C1034600B8F62F /* Build configuration list for PBXProject "bulls-eye-game" */;
			compatibilityVersion = "Xcode 9.3";
			developmentRegion = en;
			hasScannedForEncodings = 0;
			knownRegions = (
				en,
				Base,
			);
			mainGroup = 880780FC24C1034600B8F62F;
			productRefGroup = 8807810624C1034600B8F62F /* Products */;
			projectDirPath = "";
			projectRoot = "";
			targets = (
				8807810424C1034600B8F62F /* bulls-eye-game */,
			);
		};
/* End PBXProject section */

/* Begin PBXResourcesBuildPhase section */
		8807810324C1034600B8F62F /* Resources */ = {
			isa = PBXResourcesBuildPhase;
			buildActionMask = 2147483647;
			files = (
				8807811524C1034900B8F62F /* LaunchScreen.storyboard in Resources */,
				8807811224C1034900B8F62F /* Preview Assets.xcassets in Resources */,
				8807810F24C1034900B8F62F /* Assets.xcassets in Resources */,
			);
			runOnlyForDeploymentPostprocessing = 0;
		};
/* End PBXResourcesBuildPhase section */

/* Begin PBXSourcesBuildPhase section */
		8807810124C1034600B8F62F /* Sources */ = {
			isa = PBXSourcesBuildPhase;
			buildActionMask = 2147483647;
			files = (
				8872EB9824C23694000CF1FC /* AboutView.swift in Sources */,
				8807810924C1034600B8F62F /* AppDelegate.swift in Sources */,
				8807810B24C1034600B8F62F /* SceneDelegate.swift in Sources */,
				8807810D24C1034600B8F62F /* ContentView.swift in Sources */,
			);
			runOnlyForDeploymentPostprocessing = 0;
		};
/* End PBXSourcesBuildPhase section */

/* Begin PBXVariantGroup section */
		8807811324C1034900B8F62F /* LaunchScreen.storyboard */ = {
			isa = PBXVariantGroup;
			children = (
				8807811424C1034900B8F62F /* Base */,
			);
			name = LaunchScreen.storyboard;
			sourceTree = "<group>";
		};
/* End PBXVariantGroup section */

/* Begin XCBuildConfiguration section */
		8807811724C1034900B8F62F /* Debug */ = {
			isa = XCBuildConfiguration;
			buildSettings = {
				ALWAYS_SEARCH_USER_PATHS = NO;
				CLANG_ANALYZER_NONNULL = YES;
				CLANG_ANALYZER_NUMBER_OBJECT_CONVERSION = YES_AGGRESSIVE;
				CLANG_CXX_LANGUAGE_STANDARD = "gnu++14";
				CLANG_CXX_LIBRARY = "libc++";
				CLANG_ENABLE_MODULES = YES;
				CLANG_ENABLE_OBJC_ARC = YES;
				CLANG_ENABLE_OBJC_WEAK = YES;
				CLANG_WARN_BLOCK_CAPTURE_AUTORELEASING = YES;
				CLANG_WARN_BOOL_CONVERSION = YES;
				CLANG_WARN_COMMA = YES;
				CLANG_WARN_CONSTANT_CONVERSION = YES;
				CLANG_WARN_DEPRECATED_OBJC_IMPLEMENTATIONS = YES;
				CLANG_WARN_DIRECT_OBJC_ISA_USAGE = YES_ERROR;
				CLANG_WARN_DOCUMENTATION_COMMENTS = YES;
				CLANG_WARN_EMPTY_BODY = YES;
				CLANG_WARN_ENUM_CONVERSION = YES;
				CLANG_WARN_INFINITE_RECURSION = YES;
				CLANG_WARN_INT_CONVERSION = YES;
				CLANG_WARN_NON_LITERAL_NULL_CONVERSION = YES;
				CLANG_WARN_OBJC_IMPLICIT_RETAIN_SELF = YES;
				CLANG_WARN_OBJC_LITERAL_CONVERSION = YES;
				CLANG_WARN_OBJC_ROOT_CLASS = YES_ERROR;
				CLANG_WARN_RANGE_LOOP_ANALYSIS = YES;
				CLANG_WARN_STRICT_PROTOTYPES = YES;
				CLANG_WARN_SUSPICIOUS_MOVE = YES;
				CLANG_WARN_UNGUARDED_AVAILABILITY = YES_AGGRESSIVE;
				CLANG_WARN_UNREACHABLE_CODE = YES;
				CLANG_WARN__DUPLICATE_METHOD_MATCH = YES;
				COPY_PHASE_STRIP = NO;
				DEBUG_INFORMATION_FORMAT = dwarf;
				ENABLE_STRICT_OBJC_MSGSEND = YES;
				ENABLE_TESTABILITY = YES;
				GCC_C_LANGUAGE_STANDARD = gnu11;
				GCC_DYNAMIC_NO_PIC = NO;
				GCC_NO_COMMON_BLOCKS = YES;
				GCC_OPTIMIZATION_LEVEL = 0;
				GCC_PREPROCESSOR_DEFINITIONS = (
					"DEBUG=1",
					"$(inherited)",
				);
				GCC_WARN_64_TO_32_BIT_CONVERSION = YES;
				GCC_WARN_ABOUT_RETURN_TYPE = YES_ERROR;
				GCC_WARN_UNDECLARED_SELECTOR = YES;
				GCC_WARN_UNINITIALIZED_AUTOS = YES_AGGRESSIVE;
				GCC_WARN_UNUSED_FUNCTION = YES;
				GCC_WARN_UNUSED_VARIABLE = YES;
				IPHONEOS_DEPLOYMENT_TARGET = 13.6;
				MTL_ENABLE_DEBUG_INFO = INCLUDE_SOURCE;
				MTL_FAST_MATH = YES;
				ONLY_ACTIVE_ARCH = YES;
				SDKROOT = iphoneos;
				SWIFT_ACTIVE_COMPILATION_CONDITIONS = DEBUG;
				SWIFT_OPTIMIZATION_LEVEL = "-Onone";
			};
			name = Debug;
		};
		8807811824C1034900B8F62F /* Release */ = {
			isa = XCBuildConfiguration;
			buildSettings = {
				ALWAYS_SEARCH_USER_PATHS = NO;
				CLANG_ANALYZER_NONNULL = YES;
				CLANG_ANALYZER_NUMBER_OBJECT_CONVERSION = YES_AGGRESSIVE;
				CLANG_CXX_LANGUAGE_STANDARD = "gnu++14";
				CLANG_CXX_LIBRARY = "libc++";
				CLANG_ENABLE_MODULES = YES;
				CLANG_ENABLE_OBJC_ARC = YES;
				CLANG_ENABLE_OBJC_WEAK = YES;
				CLANG_WARN_BLOCK_CAPTURE_AUTORELEASING = YES;
				CLANG_WARN_BOOL_CONVERSION = YES;
				CLANG_WARN_COMMA = YES;
				CLANG_WARN_CONSTANT_CONVERSION = YES;
				CLANG_WARN_DEPRECATED_OBJC_IMPLEMENTATIONS = YES;
				CLANG_WARN_DIRECT_OBJC_ISA_USAGE = YES_ERROR;
				CLANG_WARN_DOCUMENTATION_COMMENTS = YES;
				CLANG_WARN_EMPTY_BODY = YES;
				CLANG_WARN_ENUM_CONVERSION = YES;
				CLANG_WARN_INFINITE_RECURSION = YES;
				CLANG_WARN_INT_CONVERSION = YES;
				CLANG_WARN_NON_LITERAL_NULL_CONVERSION = YES;
				CLANG_WARN_OBJC_IMPLICIT_RETAIN_SELF = YES;
				CLANG_WARN_OBJC_LITERAL_CONVERSION = YES;
				CLANG_WARN_OBJC_ROOT_CLASS = YES_ERROR;
				CLANG_WARN_RANGE_LOOP_ANALYSIS = YES;
				CLANG_WARN_STRICT_PROTOTYPES = YES;
				CLANG_WARN_SUSPICIOUS_MOVE = YES;
				CLANG_WARN_UNGUARDED_AVAILABILITY = YES_AGGRESSIVE;
				CLANG_WARN_UNREACHABLE_CODE = YES;
				CLANG_WARN__DUPLICATE_METHOD_MATCH = YES;
				COPY_PHASE_STRIP = NO;
				DEBUG_INFORMATION_FORMAT = "dwarf-with-dsym";
				ENABLE_NS_ASSERTIONS = NO;
				ENABLE_STRICT_OBJC_MSGSEND = YES;
				GCC_C_LANGUAGE_STANDARD = gnu11;
				GCC_NO_COMMON_BLOCKS = YES;
				GCC_WARN_64_TO_32_BIT_CONVERSION = YES;
				GCC_WARN_ABOUT_RETURN_TYPE = YES_ERROR;
				GCC_WARN_UNDECLARED_SELECTOR = YES;
				GCC_WARN_UNINITIALIZED_AUTOS = YES_AGGRESSIVE;
				GCC_WARN_UNUSED_FUNCTION = YES;
				GCC_WARN_UNUSED_VARIABLE = YES;
				IPHONEOS_DEPLOYMENT_TARGET = 13.6;
				MTL_ENABLE_DEBUG_INFO = NO;
				MTL_FAST_MATH = YES;
				SDKROOT = iphoneos;
				SWIFT_COMPILATION_MODE = wholemodule;
				SWIFT_OPTIMIZATION_LEVEL = "-O";
				VALIDATE_PRODUCT = YES;
			};
			name = Release;
		};
		8807811A24C1034900B8F62F /* Debug */ = {
			isa = XCBuildConfiguration;
			buildSettings = {
				ASSETCATALOG_COMPILER_APPICON_NAME = AppIcon;
				CODE_SIGN_STYLE = Automatic;
				DEVELOPMENT_ASSET_PATHS = "\"bulls-eye-game/Preview Content\"";
				ENABLE_PREVIEWS = YES;
				INFOPLIST_FILE = "bulls-eye-game/Info.plist";
				LD_RUNPATH_SEARCH_PATHS = (
					"$(inherited)",
					"@executable_path/Frameworks",
				);
				PRODUCT_BUNDLE_IDENTIFIER = "com.iiqrah.bulls-eye-game";
				PRODUCT_NAME = "Bull's Eye";
				SWIFT_VERSION = 5.0;
				TARGETED_DEVICE_FAMILY = "1,2";
			};
			name = Debug;
		};
		8807811B24C1034900B8F62F /* Release */ = {
			isa = XCBuildConfiguration;
			buildSettings = {
				ASSETCATALOG_COMPILER_APPICON_NAME = AppIcon;
				CODE_SIGN_STYLE = Automatic;
				DEVELOPMENT_ASSET_PATHS = "\"bulls-eye-game/Preview Content\"";
				ENABLE_PREVIEWS = YES;
				INFOPLIST_FILE = "bulls-eye-game/Info.plist";
				LD_RUNPATH_SEARCH_PATHS = (
					"$(inherited)",
					"@executable_path/Frameworks",
				);
				PRODUCT_BUNDLE_IDENTIFIER = "com.iiqrah.bulls-eye-game";
				PRODUCT_NAME = "Bull's Eye";
				SWIFT_VERSION = 5.0;
				TARGETED_DEVICE_FAMILY = "1,2";
			};
			name = Release;
		};
/* End XCBuildConfiguration section */

/* Begin XCConfigurationList section */
		8807810024C1034600B8F62F /* Build configuration list for PBXProject "bulls-eye-game" */ = {
			isa = XCConfigurationList;
			buildConfigurations = (
				8807811724C1034900B8F62F /* Debug */,
				8807811824C1034900B8F62F /* Release */,
			);
			defaultConfigurationIsVisible = 0;
			defaultConfigurationName = Release;
		};
		8807811924C1034900B8F62F /* Build configuration list for PBXNativeTarget "bulls-eye-game" */ = {
			isa = XCConfigurationList;
			buildConfigurations = (
				8807811A24C1034900B8F62F /* Debug */,
				8807811B24C1034900B8F62F /* Release */,
			);
			defaultConfigurationIsVisible = 0;
			defaultConfigurationName = Release;
		};
/* End XCConfigurationList section */
	};
	rootObject = 880780FD24C1034600B8F62F /* Project object */;
}
